// !$*UTF8*$!
{
	archiveVersion = 1;
	classes = {
	};
	objectVersion = 48;
	objects = {

/* Begin PBXBuildFile section */
		1B38A3AA1F61454200CA44BA /* AppDelegate.swift in Sources */ = {isa = PBXBuildFile; fileRef = 1B38A3A91F61454200CA44BA /* AppDelegate.swift */; };
		1B38A3B11F61454200CA44BA /* Assets.xcassets in Resources */ = {isa = PBXBuildFile; fileRef = 1B38A3B01F61454200CA44BA /* Assets.xcassets */; };
		1B38A3B41F61454200CA44BA /* LaunchScreen.storyboard in Resources */ = {isa = PBXBuildFile; fileRef = 1B38A3B21F61454200CA44BA /* LaunchScreen.storyboard */; };
		1B38A3C11F61997900CA44BA /* PersonDetailsViewController.swift in Sources */ = {isa = PBXBuildFile; fileRef = 1B38A3C01F61997900CA44BA /* PersonDetailsViewController.swift */; };
		1B38A3C31F61998F00CA44BA /* PersonDetailsViewModel.swift in Sources */ = {isa = PBXBuildFile; fileRef = 1B38A3C21F61998F00CA44BA /* PersonDetailsViewModel.swift */; };
		1B38A3C51F61999900CA44BA /* Person.swift in Sources */ = {isa = PBXBuildFile; fileRef = 1B38A3C41F61999900CA44BA /* Person.swift */; };
		1B38A3CA1F619A3200CA44BA /* PersonDetailsSectionViewModel.swift in Sources */ = {isa = PBXBuildFile; fileRef = 1B38A3C91F619A3200CA44BA /* PersonDetailsSectionViewModel.swift */; };
		1B38A3CC1F619A4600CA44BA /* PersonDetailsCellViewModel.swift in Sources */ = {isa = PBXBuildFile; fileRef = 1B38A3CB1F619A4600CA44BA /* PersonDetailsCellViewModel.swift */; };
		1B38A3D01F62937E00CA44BA /* AppCoordinator.swift in Sources */ = {isa = PBXBuildFile; fileRef = 1B38A3CF1F62937E00CA44BA /* AppCoordinator.swift */; };
		1B38A3D51F6295C500CA44BA /* PersonListTableViewcontroller.swift in Sources */ = {isa = PBXBuildFile; fileRef = 1B38A3D41F6295C500CA44BA /* PersonListTableViewcontroller.swift */; };
		1B38A3D71F629FB100CA44BA /* PersonListViewModel.swift in Sources */ = {isa = PBXBuildFile; fileRef = 1B38A3D61F629FB100CA44BA /* PersonListViewModel.swift */; };
		1B38A3DB1F62AEBD00CA44BA /* PersonListCellViewModel.swift in Sources */ = {isa = PBXBuildFile; fileRef = 1B38A3DA1F62AEBD00CA44BA /* PersonListCellViewModel.swift */; };
		1B38A3DE1F62B22400CA44BA /* PersonListCell.swift in Sources */ = {isa = PBXBuildFile; fileRef = 1B38A3DD1F62B22400CA44BA /* PersonListCell.swift */; };
/* End PBXBuildFile section */

/* Begin PBXFileReference section */
		1B38A3A61F61454200CA44BA /* TableMVVM-Example.app */ = {isa = PBXFileReference; explicitFileType = wrapper.application; includeInIndex = 0; path = "TableMVVM-Example.app"; sourceTree = BUILT_PRODUCTS_DIR; };
		1B38A3A91F61454200CA44BA /* AppDelegate.swift */ = {isa = PBXFileReference; lastKnownFileType = sourcecode.swift; path = AppDelegate.swift; sourceTree = "<group>"; };
		1B38A3B01F61454200CA44BA /* Assets.xcassets */ = {isa = PBXFileReference; lastKnownFileType = folder.assetcatalog; path = Assets.xcassets; sourceTree = "<group>"; };
		1B38A3B31F61454200CA44BA /* Base */ = {isa = PBXFileReference; lastKnownFileType = file.storyboard; name = Base; path = Base.lproj/LaunchScreen.storyboard; sourceTree = "<group>"; };
		1B38A3B51F61454200CA44BA /* Info.plist */ = {isa = PBXFileReference; lastKnownFileType = text.plist.xml; path = Info.plist; sourceTree = "<group>"; };
		1B38A3C01F61997900CA44BA /* PersonDetailsViewController.swift */ = {isa = PBXFileReference; lastKnownFileType = sourcecode.swift; path = PersonDetailsViewController.swift; sourceTree = "<group>"; };
		1B38A3C21F61998F00CA44BA /* PersonDetailsViewModel.swift */ = {isa = PBXFileReference; lastKnownFileType = sourcecode.swift; path = PersonDetailsViewModel.swift; sourceTree = "<group>"; };
		1B38A3C41F61999900CA44BA /* Person.swift */ = {isa = PBXFileReference; lastKnownFileType = sourcecode.swift; path = Person.swift; sourceTree = "<group>"; };
		1B38A3C91F619A3200CA44BA /* PersonDetailsSectionViewModel.swift */ = {isa = PBXFileReference; lastKnownFileType = sourcecode.swift; path = PersonDetailsSectionViewModel.swift; sourceTree = "<group>"; };
		1B38A3CB1F619A4600CA44BA /* PersonDetailsCellViewModel.swift */ = {isa = PBXFileReference; lastKnownFileType = sourcecode.swift; path = PersonDetailsCellViewModel.swift; sourceTree = "<group>"; };
		1B38A3CF1F62937E00CA44BA /* AppCoordinator.swift */ = {isa = PBXFileReference; lastKnownFileType = sourcecode.swift; path = AppCoordinator.swift; sourceTree = "<group>"; };
		1B38A3D41F6295C500CA44BA /* PersonListTableViewcontroller.swift */ = {isa = PBXFileReference; lastKnownFileType = sourcecode.swift; path = PersonListTableViewcontroller.swift; sourceTree = "<group>"; };
		1B38A3D61F629FB100CA44BA /* PersonListViewModel.swift */ = {isa = PBXFileReference; lastKnownFileType = sourcecode.swift; path = PersonListViewModel.swift; sourceTree = "<group>"; };
		1B38A3DA1F62AEBD00CA44BA /* PersonListCellViewModel.swift */ = {isa = PBXFileReference; lastKnownFileType = sourcecode.swift; path = PersonListCellViewModel.swift; sourceTree = "<group>"; };
		1B38A3DD1F62B22400CA44BA /* PersonListCell.swift */ = {isa = PBXFileReference; lastKnownFileType = sourcecode.swift; path = PersonListCell.swift; sourceTree = "<group>"; };
/* End PBXFileReference section */

/* Begin PBXFrameworksBuildPhase section */
		1B38A3A31F61454200CA44BA /* Frameworks */ = {
			isa = PBXFrameworksBuildPhase;
			buildActionMask = 2147483647;
			files = (
			);
			runOnlyForDeploymentPostprocessing = 0;
		};
/* End PBXFrameworksBuildPhase section */

/* Begin PBXGroup section */
		1B38A39D1F61454200CA44BA = {
			isa = PBXGroup;
			children = (
				1B38A3A81F61454200CA44BA /* TableMVVM-Example */,
				1B38A3A71F61454200CA44BA /* Products */,
			);
			sourceTree = "<group>";
		};
		1B38A3A71F61454200CA44BA /* Products */ = {
			isa = PBXGroup;
			children = (
				1B38A3A61F61454200CA44BA /* TableMVVM-Example.app */,
			);
			name = Products;
			sourceTree = "<group>";
		};
		1B38A3A81F61454200CA44BA /* TableMVVM-Example */ = {
			isa = PBXGroup;
			children = (
				1B38A3DC1F62B14F00CA44BA /* Cells */,
				1B38A3CE1F62936700CA44BA /* Coordinators */,
				1B38A3BF1F6145E000CA44BA /* Models */,
				1B38A3BE1F6145C500CA44BA /* View Controllers */,
				1B38A3BD1F6145BF00CA44BA /* View Models */,
				1B38A3A91F61454200CA44BA /* AppDelegate.swift */,
				1B38A3B01F61454200CA44BA /* Assets.xcassets */,
				1B38A3B21F61454200CA44BA /* LaunchScreen.storyboard */,
				1B38A3B51F61454200CA44BA /* Info.plist */,
			);
			path = "TableMVVM-Example";
			sourceTree = "<group>";
		};
		1B38A3BD1F6145BF00CA44BA /* View Models */ = {
			isa = PBXGroup;
			children = (
				1B38A3D11F62950F00CA44BA /* Person List View Models */,
				1B38A3CD1F619A4900CA44BA /* Person Details View Models */,
			);
			path = "View Models";
			sourceTree = "<group>";
		};
		1B38A3BE1F6145C500CA44BA /* View Controllers */ = {
			isa = PBXGroup;
			children = (
				1B38A3D31F62959F00CA44BA /* Person List */,
				1B38A3D21F62959900CA44BA /* Person Details */,
			);
			path = "View Controllers";
			sourceTree = "<group>";
		};
		1B38A3BF1F6145E000CA44BA /* Models */ = {
			isa = PBXGroup;
			children = (
				1B38A3C41F61999900CA44BA /* Person.swift */,
			);
			path = Models;
			sourceTree = "<group>";
		};
		1B38A3C61F6199C700CA44BA /* PersonDetailsViewModel */ = {
			isa = PBXGroup;
			children = (
				1B38A3C21F61998F00CA44BA /* PersonDetailsViewModel.swift */,
			);
			path = PersonDetailsViewModel;
			sourceTree = "<group>";
		};
		1B38A3C71F6199E200CA44BA /* PersonDetailsSectionViewModel */ = {
			isa = PBXGroup;
			children = (
				1B38A3C91F619A3200CA44BA /* PersonDetailsSectionViewModel.swift */,
			);
			path = PersonDetailsSectionViewModel;
			sourceTree = "<group>";
		};
		1B38A3C81F6199F800CA44BA /* PersonDetailsCellViewModel */ = {
			isa = PBXGroup;
			children = (
				1B38A3CB1F619A4600CA44BA /* PersonDetailsCellViewModel.swift */,
			);
			path = PersonDetailsCellViewModel;
			sourceTree = "<group>";
		};
		1B38A3CD1F619A4900CA44BA /* Person Details View Models */ = {
			isa = PBXGroup;
			children = (
				1B38A3C61F6199C700CA44BA /* PersonDetailsViewModel */,
				1B38A3C71F6199E200CA44BA /* PersonDetailsSectionViewModel */,
				1B38A3C81F6199F800CA44BA /* PersonDetailsCellViewModel */,
			);
			path = "Person Details View Models";
			sourceTree = "<group>";
		};
		1B38A3CE1F62936700CA44BA /* Coordinators */ = {
			isa = PBXGroup;
			children = (
				1B38A3CF1F62937E00CA44BA /* AppCoordinator.swift */,
			);
			path = Coordinators;
			sourceTree = "<group>";
		};
		1B38A3D11F62950F00CA44BA /* Person List View Models */ = {
			isa = PBXGroup;
			children = (
				1B38A3D91F62AE9E00CA44BA /* Person List Cell View Model */,
				1B38A3D81F62AE8600CA44BA /* Person List View Model */,
			);
			path = "Person List View Models";
			sourceTree = "<group>";
		};
		1B38A3D21F62959900CA44BA /* Person Details */ = {
			isa = PBXGroup;
			children = (
				1B38A3C01F61997900CA44BA /* PersonDetailsViewController.swift */,
			);
			path = "Person Details";
			sourceTree = "<group>";
		};
		1B38A3D31F62959F00CA44BA /* Person List */ = {
			isa = PBXGroup;
			children = (
				1B38A3D41F6295C500CA44BA /* PersonListTableViewcontroller.swift */,
			);
			path = "Person List";
			sourceTree = "<group>";
		};
		1B38A3D81F62AE8600CA44BA /* Person List View Model */ = {
			isa = PBXGroup;
			children = (
				1B38A3D61F629FB100CA44BA /* PersonListViewModel.swift */,
			);
			path = "Person List View Model";
			sourceTree = "<group>";
		};
		1B38A3D91F62AE9E00CA44BA /* Person List Cell View Model */ = {
			isa = PBXGroup;
			children = (
				1B38A3DA1F62AEBD00CA44BA /* PersonListCellViewModel.swift */,
			);
			path = "Person List Cell View Model";
			sourceTree = "<group>";
		};
		1B38A3DC1F62B14F00CA44BA /* Cells */ = {
			isa = PBXGroup;
			children = (
				1B38A3DD1F62B22400CA44BA /* PersonListCell.swift */,
			);
			path = Cells;
			sourceTree = "<group>";
		};
/* End PBXGroup section */

/* Begin PBXNativeTarget section */
		1B38A3A51F61454200CA44BA /* TableMVVM-Example */ = {
			isa = PBXNativeTarget;
			buildConfigurationList = 1B38A3B81F61454200CA44BA /* Build configuration list for PBXNativeTarget "TableMVVM-Example" */;
			buildPhases = (
				1B38A3A21F61454200CA44BA /* Sources */,
				1B38A3A31F61454200CA44BA /* Frameworks */,
				1B38A3A41F61454200CA44BA /* Resources */,
			);
			buildRules = (
			);
			dependencies = (
			);
			name = "TableMVVM-Example";
			productName = "TableMVVM-Example";
			productReference = 1B38A3A61F61454200CA44BA /* TableMVVM-Example.app */;
			productType = "com.apple.product-type.application";
		};
/* End PBXNativeTarget section */

/* Begin PBXProject section */
		1B38A39E1F61454200CA44BA /* Project object */ = {
			isa = PBXProject;
			attributes = {
				LastSwiftUpdateCheck = 0900;
				LastUpgradeCheck = 0900;
				ORGANIZATIONNAME = "Flávio Silvério";
				TargetAttributes = {
					1B38A3A51F61454200CA44BA = {
						CreatedOnToolsVersion = 9.0;
						ProvisioningStyle = Automatic;
					};
				};
			};
			buildConfigurationList = 1B38A3A11F61454200CA44BA /* Build configuration list for PBXProject "TableMVVM-Example" */;
			compatibilityVersion = "Xcode 8.0";
			developmentRegion = en;
			hasScannedForEncodings = 0;
			knownRegions = (
				en,
				Base,
			);
			mainGroup = 1B38A39D1F61454200CA44BA;
			productRefGroup = 1B38A3A71F61454200CA44BA /* Products */;
			projectDirPath = "";
			projectRoot = "";
			targets = (
				1B38A3A51F61454200CA44BA /* TableMVVM-Example */,
			);
		};
/* End PBXProject section */

/* Begin PBXResourcesBuildPhase section */
		1B38A3A41F61454200CA44BA /* Resources */ = {
			isa = PBXResourcesBuildPhase;
			buildActionMask = 2147483647;
			files = (
				1B38A3B41F61454200CA44BA /* LaunchScreen.storyboard in Resources */,
				1B38A3B11F61454200CA44BA /* Assets.xcassets in Resources */,
			);
			runOnlyForDeploymentPostprocessing = 0;
		};
/* End PBXResourcesBuildPhase section */

/* Begin PBXSourcesBuildPhase section */
		1B38A3A21F61454200CA44BA /* Sources */ = {
			isa = PBXSourcesBuildPhase;
			buildActionMask = 2147483647;
			files = (
				1B38A3D51F6295C500CA44BA /* PersonListTableViewcontroller.swift in Sources */,
				1B38A3CC1F619A4600CA44BA /* PersonDetailsCellViewModel.swift in Sources */,
				1B38A3C31F61998F00CA44BA /* PersonDetailsViewModel.swift in Sources */,
				1B38A3CA1F619A3200CA44BA /* PersonDetailsSectionViewModel.swift in Sources */,
				1B38A3C11F61997900CA44BA /* PersonDetailsViewController.swift in Sources */,
				1B38A3DB1F62AEBD00CA44BA /* PersonListCellViewModel.swift in Sources */,
				1B38A3C51F61999900CA44BA /* Person.swift in Sources */,
				1B38A3AA1F61454200CA44BA /* AppDelegate.swift in Sources */,
				1B38A3D01F62937E00CA44BA /* AppCoordinator.swift in Sources */,
				1B38A3DE1F62B22400CA44BA /* PersonListCell.swift in Sources */,
				1B38A3D71F629FB100CA44BA /* PersonListViewModel.swift in Sources */,
			);
			runOnlyForDeploymentPostprocessing = 0;
		};
/* End PBXSourcesBuildPhase section */

/* Begin PBXVariantGroup section */
		1B38A3B21F61454200CA44BA /* LaunchScreen.storyboard */ = {
			isa = PBXVariantGroup;
			children = (
				1B38A3B31F61454200CA44BA /* Base */,
			);
			name = LaunchScreen.storyboard;
			sourceTree = "<group>";
		};
/* End PBXVariantGroup section */

/* Begin XCBuildConfiguration section */
		1B38A3B61F61454200CA44BA /* Debug */ = {
			isa = XCBuildConfiguration;
			buildSettings = {
				ALWAYS_SEARCH_USER_PATHS = NO;
				CLANG_ANALYZER_NONNULL = YES;
				CLANG_ANALYZER_NUMBER_OBJECT_CONVERSION = YES_AGGRESSIVE;
				CLANG_CXX_LANGUAGE_STANDARD = "gnu++14";
				CLANG_CXX_LIBRARY = "libc++";
				CLANG_ENABLE_MODULES = YES;
				CLANG_ENABLE_OBJC_ARC = YES;
				CLANG_WARN_BLOCK_CAPTURE_AUTORELEASING = YES;
				CLANG_WARN_BOOL_CONVERSION = YES;
				CLANG_WARN_COMMA = YES;
				CLANG_WARN_CONSTANT_CONVERSION = YES;
				CLANG_WARN_DIRECT_OBJC_ISA_USAGE = YES_ERROR;
				CLANG_WARN_DOCUMENTATION_COMMENTS = YES;
				CLANG_WARN_EMPTY_BODY = YES;
				CLANG_WARN_ENUM_CONVERSION = YES;
				CLANG_WARN_INFINITE_RECURSION = YES;
				CLANG_WARN_INT_CONVERSION = YES;
				CLANG_WARN_NON_LITERAL_NULL_CONVERSION = YES;
				CLANG_WARN_OBJC_LITERAL_CONVERSION = YES;
				CLANG_WARN_OBJC_ROOT_CLASS = YES_ERROR;
				CLANG_WARN_RANGE_LOOP_ANALYSIS = YES;
				CLANG_WARN_STRICT_PROTOTYPES = YES;
				CLANG_WARN_SUSPICIOUS_MOVE = YES;
				CLANG_WARN_UNGUARDED_AVAILABILITY = YES_AGGRESSIVE;
				CLANG_WARN_UNREACHABLE_CODE = YES;
				CLANG_WARN__DUPLICATE_METHOD_MATCH = YES;
				CODE_SIGN_IDENTITY = "iPhone Developer";
				COPY_PHASE_STRIP = NO;
				DEBUG_INFORMATION_FORMAT = dwarf;
				ENABLE_STRICT_OBJC_MSGSEND = YES;
				ENABLE_TESTABILITY = YES;
				GCC_C_LANGUAGE_STANDARD = gnu11;
				GCC_DYNAMIC_NO_PIC = NO;
				GCC_NO_COMMON_BLOCKS = YES;
				GCC_OPTIMIZATION_LEVEL = 0;
				GCC_PREPROCESSOR_DEFINITIONS = (
					"DEBUG=1",
					"$(inherited)",
				);
				GCC_WARN_64_TO_32_BIT_CONVERSION = YES;
				GCC_WARN_ABOUT_RETURN_TYPE = YES_ERROR;
				GCC_WARN_UNDECLARED_SELECTOR = YES;
				GCC_WARN_UNINITIALIZED_AUTOS = YES_AGGRESSIVE;
				GCC_WARN_UNUSED_FUNCTION = YES;
				GCC_WARN_UNUSED_VARIABLE = YES;
				IPHONEOS_DEPLOYMENT_TARGET = 11.0;
				MTL_ENABLE_DEBUG_INFO = YES;
				ONLY_ACTIVE_ARCH = YES;
				SDKROOT = iphoneos;
				SWIFT_ACTIVE_COMPILATION_CONDITIONS = DEBUG;
				SWIFT_OPTIMIZATION_LEVEL = "-Onone";
			};
			name = Debug;
		};
		1B38A3B71F61454200CA44BA /* Release */ = {
			isa = XCBuildConfiguration;
			buildSettings = {
				ALWAYS_SEARCH_USER_PATHS = NO;
				CLANG_ANALYZER_NONNULL = YES;
				CLANG_ANALYZER_NUMBER_OBJECT_CONVERSION = YES_AGGRESSIVE;
				CLANG_CXX_LANGUAGE_STANDARD = "gnu++14";
				CLANG_CXX_LIBRARY = "libc++";
				CLANG_ENABLE_MODULES = YES;
				CLANG_ENABLE_OBJC_ARC = YES;
				CLANG_WARN_BLOCK_CAPTURE_AUTORELEASING = YES;
				CLANG_WARN_BOOL_CONVERSION = YES;
				CLANG_WARN_COMMA = YES;
				CLANG_WARN_CONSTANT_CONVERSION = YES;
				CLANG_WARN_DIRECT_OBJC_ISA_USAGE = YES_ERROR;
				CLANG_WARN_DOCUMENTATION_COMMENTS = YES;
				CLANG_WARN_EMPTY_BODY = YES;
				CLANG_WARN_ENUM_CONVERSION = YES;
				CLANG_WARN_INFINITE_RECURSION = YES;
				CLANG_WARN_INT_CONVERSION = YES;
				CLANG_WARN_NON_LITERAL_NULL_CONVERSION = YES;
				CLANG_WARN_OBJC_LITERAL_CONVERSION = YES;
				CLANG_WARN_OBJC_ROOT_CLASS = YES_ERROR;
				CLANG_WARN_RANGE_LOOP_ANALYSIS = YES;
				CLANG_WARN_STRICT_PROTOTYPES = YES;
				CLANG_WARN_SUSPICIOUS_MOVE = YES;
				CLANG_WARN_UNGUARDED_AVAILABILITY = YES_AGGRESSIVE;
				CLANG_WARN_UNREACHABLE_CODE = YES;
				CLANG_WARN__DUPLICATE_METHOD_MATCH = YES;
				CODE_SIGN_IDENTITY = "iPhone Developer";
				COPY_PHASE_STRIP = NO;
				DEBUG_INFORMATION_FORMAT = "dwarf-with-dsym";
				ENABLE_NS_ASSERTIONS = NO;
				ENABLE_STRICT_OBJC_MSGSEND = YES;
				GCC_C_LANGUAGE_STANDARD = gnu11;
				GCC_NO_COMMON_BLOCKS = YES;
				GCC_WARN_64_TO_32_BIT_CONVERSION = YES;
				GCC_WARN_ABOUT_RETURN_TYPE = YES_ERROR;
				GCC_WARN_UNDECLARED_SELECTOR = YES;
				GCC_WARN_UNINITIALIZED_AUTOS = YES_AGGRESSIVE;
				GCC_WARN_UNUSED_FUNCTION = YES;
				GCC_WARN_UNUSED_VARIABLE = YES;
				IPHONEOS_DEPLOYMENT_TARGET = 11.0;
				MTL_ENABLE_DEBUG_INFO = NO;
				SDKROOT = iphoneos;
				SWIFT_OPTIMIZATION_LEVEL = "-Owholemodule";
				VALIDATE_PRODUCT = YES;
			};
			name = Release;
		};
		1B38A3B91F61454200CA44BA /* Debug */ = {
			isa = XCBuildConfiguration;
			buildSettings = {
				ASSETCATALOG_COMPILER_APPICON_NAME = AppIcon;
				CODE_SIGN_STYLE = Automatic;
				DEVELOPMENT_TEAM = DRC2HPV8MW;
				INFOPLIST_FILE = "TableMVVM-Example/Info.plist";
				IPHONEOS_DEPLOYMENT_TARGET = 10.0;
				LD_RUNPATH_SEARCH_PATHS = "$(inherited) @executable_path/Frameworks";
				PRODUCT_BUNDLE_IDENTIFIER = "silverio.flavio.TableMVVM-Example";
				PRODUCT_NAME = "$(TARGET_NAME)";
				SWIFT_VERSION = 4.0;
				TARGETED_DEVICE_FAMILY = "1,2";
			};
			name = Debug;
		};
		1B38A3BA1F61454200CA44BA /* Release */ = {
			isa = XCBuildConfiguration;
			buildSettings = {
				ASSETCATALOG_COMPILER_APPICON_NAME = AppIcon;
				CODE_SIGN_STYLE = Automatic;
				DEVELOPMENT_TEAM = DRC2HPV8MW;
				INFOPLIST_FILE = "TableMVVM-Example/Info.plist";
				IPHONEOS_DEPLOYMENT_TARGET = 10.0;
				LD_RUNPATH_SEARCH_PATHS = "$(inherited) @executable_path/Frameworks";
				PRODUCT_BUNDLE_IDENTIFIER = "silverio.flavio.TableMVVM-Example";
				PRODUCT_NAME = "$(TARGET_NAME)";
				SWIFT_VERSION = 4.0;
				TARGETED_DEVICE_FAMILY = "1,2";
			};
			name = Release;
		};
/* End XCBuildConfiguration section */

/* Begin XCConfigurationList section */
		1B38A3A11F61454200CA44BA /* Build configuration list for PBXProject "TableMVVM-Example" */ = {
			isa = XCConfigurationList;
			buildConfigurations = (
				1B38A3B61F61454200CA44BA /* Debug */,
				1B38A3B71F61454200CA44BA /* Release */,
			);
			defaultConfigurationIsVisible = 0;
			defaultConfigurationName = Release;
		};
		1B38A3B81F61454200CA44BA /* Build configuration list for PBXNativeTarget "TableMVVM-Example" */ = {
			isa = XCConfigurationList;
			buildConfigurations = (
				1B38A3B91F61454200CA44BA /* Debug */,
				1B38A3BA1F61454200CA44BA /* Release */,
			);
			defaultConfigurationIsVisible = 0;
			defaultConfigurationName = Release;
		};
/* End XCConfigurationList section */
	};
	rootObject = 1B38A39E1F61454200CA44BA /* Project object */;
}
